
Microsoft Visual Studio Solution File, Format Version 12.00
# Visual Studio 15
Project("{FAE04EC0-301F-11D3-BF4B-00C04F79EFBC}") = "Assembly-CSharp", "Assembly-CSharp.csproj", "{EAC3F243-45F2-94E0-22E0-5B769B0F1660}"
EndProject
Project("{FAE04EC0-301F-11D3-BF4B-00C04F79EFBC}") = "Assembly-CSharp-Editor", "Assembly-CSharp-Editor.csproj", "{2CF6BC31-EAA9-74F3-740C-547F89D794F5}"
EndProject
Global
	GlobalSection(SolutionConfigurationPlatforms) = preSolution
		Debug|Any CPU = Debug|Any CPU
		Release|Any CPU = Release|Any CPU
	EndGlobalSection
	GlobalSection(ProjectConfigurationPlatforms) = postSolution
		{EAC3F243-45F2-94E0-22E0-5B769B0F1660}.Debug|Any CPU.ActiveCfg = Debug|Any CPU
		{EAC3F243-45F2-94E0-22E0-5B769B0F1660}.Debug|Any CPU.Build.0 = Debug|Any CPU
		{EAC3F243-45F2-94E0-22E0-5B769B0F1660}.Release|Any CPU.ActiveCfg = Release|Any CPU
		{EAC3F243-45F2-94E0-22E0-5B769B0F1660}.Release|Any CPU.Build.0 = Release|Any CPU
		{2CF6BC31-EAA9-74F3-740C-547F89D794F5}.Debug|Any CPU.ActiveCfg = Debug|Any CPU
		{2CF6BC31-EAA9-74F3-740C-547F89D794F5}.Debug|Any CPU.Build.0 = Debug|Any CPU
		{2CF6BC31-EAA9-74F3-740C-547F89D794F5}.Release|Any CPU.ActiveCfg = Release|Any CPU
		{2CF6BC31-EAA9-74F3-740C-547F89D794F5}.Release|Any CPU.Build.0 = Release|Any CPU
	EndGlobalSection
	GlobalSection(SolutionProperties) = preSolution
		HideSolutionNode = FALSE
	EndGlobalSection
EndGlobal
