
Microsoft Visual Studio Solution File, Format Version 12.00
# Visual Studio 15
Project("{FAE04EC0-301F-11D3-BF4B-00C04F79EFBC}") = "Assembly-CSharp", "Assembly-CSharp.csproj", "{C6F65567-2B89-42AD-DB7F-71564650E5B9}"
EndProject
Project("{FAE04EC0-301F-11D3-BF4B-00C04F79EFBC}") = "Assembly-CSharp-Editor", "Assembly-CSharp-Editor.csproj", "{253649FA-FE09-045F-145F-6EFA92C03F62}"
EndProject
Global
	GlobalSection(SolutionConfigurationPlatforms) = preSolution
		Debug|Any CPU = Debug|Any CPU
		Release|Any CPU = Release|Any CPU
	EndGlobalSection
	GlobalSection(ProjectConfigurationPlatforms) = postSolution
		{C6F65567-2B89-42AD-DB7F-71564650E5B9}.Debug|Any CPU.ActiveCfg = Debug|Any CPU
		{C6F65567-2B89-42AD-DB7F-71564650E5B9}.Debug|Any CPU.Build.0 = Debug|Any CPU
		{C6F65567-2B89-42AD-DB7F-71564650E5B9}.Release|Any CPU.ActiveCfg = Release|Any CPU
		{C6F65567-2B89-42AD-DB7F-71564650E5B9}.Release|Any CPU.Build.0 = Release|Any CPU
		{253649FA-FE09-045F-145F-6EFA92C03F62}.Debug|Any CPU.ActiveCfg = Debug|Any CPU
		{253649FA-FE09-045F-145F-6EFA92C03F62}.Debug|Any CPU.Build.0 = Debug|Any CPU
		{253649FA-FE09-045F-145F-6EFA92C03F62}.Release|Any CPU.ActiveCfg = Release|Any CPU
		{253649FA-FE09-045F-145F-6EFA92C03F62}.Release|Any CPU.Build.0 = Release|Any CPU
	EndGlobalSection
	GlobalSection(SolutionProperties) = preSolution
		HideSolutionNode = FALSE
	EndGlobalSection
EndGlobal
